
Microsoft Visual Studio Solution File, Format Version 12.00
# Visual Studio 2012
Project("{FAE04EC0-301F-11D3-BF4B-00C04F79EFBC}") = "MoobSharp", "MoobSharp\MoobSharp.csproj", "{2B773F51-75AC-4300-9CBD-365F30A27F98}"
EndProject
Project("{2150E333-8FDC-42A3-9474-1A3956D46DE8}") = "Solution Items", "Solution Items", "{DC899F4D-5AD6-41F7-A612-97AD31A4E37C}"
	ProjectSection(SolutionItems) = preProject
		README.md = README.md
	EndProjectSection
EndProject
Global
	GlobalSection(SolutionConfigurationPlatforms) = preSolution
		Debug|Any CPU = Debug|Any CPU
		Release|Any CPU = Release|Any CPU
	EndGlobalSection
	GlobalSection(ProjectConfigurationPlatforms) = postSolution
		{2B773F51-75AC-4300-9CBD-365F30A27F98}.Debug|Any CPU.ActiveCfg = Debug|Any CPU
		{2B773F51-75AC-4300-9CBD-365F30A27F98}.Debug|Any CPU.Build.0 = Debug|Any CPU
		{2B773F51-75AC-4300-9CBD-365F30A27F98}.Release|Any CPU.ActiveCfg = Release|Any CPU
		{2B773F51-75AC-4300-9CBD-365F30A27F98}.Release|Any CPU.Build.0 = Release|Any CPU
	EndGlobalSection
EndGlobal
